
Microsoft Visual Studio Solution File, Format Version 12.00
# Visual Studio 15
VisualStudioVersion = 15.0.28307.779
MinimumVisualStudioVersion = 10.0.40219.1
Project("{FAE04EC0-301F-11D3-BF4B-00C04F79EFBC}") = "Lesson 4 PoP", "Lesson 4 PoP\Lesson 4 PoP.csproj", "{E1EAA34C-B7C1-4672-AB94-49F4DE87AA98}"
EndProject
Global
	GlobalSection(SolutionConfigurationPlatforms) = preSolution
		Debug|Any CPU = Debug|Any CPU
		Release|Any CPU = Release|Any CPU
	EndGlobalSection
	GlobalSection(ProjectConfigurationPlatforms) = postSolution
		{E1EAA34C-B7C1-4672-AB94-49F4DE87AA98}.Debug|Any CPU.ActiveCfg = Debug|Any CPU
		{E1EAA34C-B7C1-4672-AB94-49F4DE87AA98}.Debug|Any CPU.Build.0 = Debug|Any CPU
		{E1EAA34C-B7C1-4672-AB94-49F4DE87AA98}.Release|Any CPU.ActiveCfg = Release|Any CPU
		{E1EAA34C-B7C1-4672-AB94-49F4DE87AA98}.Release|Any CPU.Build.0 = Release|Any CPU
	EndGlobalSection
	GlobalSection(SolutionProperties) = preSolution
		HideSolutionNode = FALSE
	EndGlobalSection
	GlobalSection(ExtensibilityGlobals) = postSolution
		SolutionGuid = {D20E8643-AFF1-4F94-AABC-7E8AA10A847D}
	EndGlobalSection
EndGlobal
